
Microsoft Visual Studio Solution File, Format Version 12.00
# Visual Studio Version 16
VisualStudioVersion = 16.0.31410.357
MinimumVisualStudioVersion = 10.0.40219.1
Project("{9A19103F-16F7-4668-BE54-9A1E7A4F7556}") = "LibraryApi", "LibraryApi\LibraryApi.csproj", "{860F4C76-39C6-4962-972C-C8223AB68E76}"
EndProject
Project("{9A19103F-16F7-4668-BE54-9A1E7A4F7556}") = "LibraryApi.Data", "LibraryApi.Data\LibraryApi.Data.csproj", "{3A552CF0-B91A-4647-A4E1-DA1844238D42}"
EndProject
Project("{9A19103F-16F7-4668-BE54-9A1E7A4F7556}") = "LibraryApi.Services", "LibraryApi.Services\LibraryApi.Services.csproj", "{6E936596-56E6-45AF-87E7-05FE70C6634A}"
EndProject
Project("{9A19103F-16F7-4668-BE54-9A1E7A4F7556}") = "LibraryApi.Models", "LibraryApi.Models\LibraryApi.Models.csproj", "{561B0B99-FD20-4DCA-87DF-2D17E6CB6EED}"
EndProject
Global
	GlobalSection(SolutionConfigurationPlatforms) = preSolution
		Debug|Any CPU = Debug|Any CPU
		Release|Any CPU = Release|Any CPU
	EndGlobalSection
	GlobalSection(ProjectConfigurationPlatforms) = postSolution
		{860F4C76-39C6-4962-972C-C8223AB68E76}.Debug|Any CPU.ActiveCfg = Debug|Any CPU
		{860F4C76-39C6-4962-972C-C8223AB68E76}.Debug|Any CPU.Build.0 = Debug|Any CPU
		{860F4C76-39C6-4962-972C-C8223AB68E76}.Release|Any CPU.ActiveCfg = Release|Any CPU
		{860F4C76-39C6-4962-972C-C8223AB68E76}.Release|Any CPU.Build.0 = Release|Any CPU
		{3A552CF0-B91A-4647-A4E1-DA1844238D42}.Debug|Any CPU.ActiveCfg = Debug|Any CPU
		{3A552CF0-B91A-4647-A4E1-DA1844238D42}.Debug|Any CPU.Build.0 = Debug|Any CPU
		{3A552CF0-B91A-4647-A4E1-DA1844238D42}.Release|Any CPU.ActiveCfg = Release|Any CPU
		{3A552CF0-B91A-4647-A4E1-DA1844238D42}.Release|Any CPU.Build.0 = Release|Any CPU
		{6E936596-56E6-45AF-87E7-05FE70C6634A}.Debug|Any CPU.ActiveCfg = Debug|Any CPU
		{6E936596-56E6-45AF-87E7-05FE70C6634A}.Debug|Any CPU.Build.0 = Debug|Any CPU
		{6E936596-56E6-45AF-87E7-05FE70C6634A}.Release|Any CPU.ActiveCfg = Release|Any CPU
		{6E936596-56E6-45AF-87E7-05FE70C6634A}.Release|Any CPU.Build.0 = Release|Any CPU
		{561B0B99-FD20-4DCA-87DF-2D17E6CB6EED}.Debug|Any CPU.ActiveCfg = Debug|Any CPU
		{561B0B99-FD20-4DCA-87DF-2D17E6CB6EED}.Debug|Any CPU.Build.0 = Debug|Any CPU
		{561B0B99-FD20-4DCA-87DF-2D17E6CB6EED}.Release|Any CPU.ActiveCfg = Release|Any CPU
		{561B0B99-FD20-4DCA-87DF-2D17E6CB6EED}.Release|Any CPU.Build.0 = Release|Any CPU
	EndGlobalSection
	GlobalSection(SolutionProperties) = preSolution
		HideSolutionNode = FALSE
	EndGlobalSection
	GlobalSection(ExtensibilityGlobals) = postSolution
		SolutionGuid = {F3D76890-C684-4FF7-B879-37DFD97F446D}
	EndGlobalSection
EndGlobal
