
Microsoft Visual Studio Solution File, Format Version 12.00
# Visual Studio Version 16
VisualStudioVersion = 16.0.31410.357
MinimumVisualStudioVersion = 10.0.40219.1
Project("{9A19103F-16F7-4668-BE54-9A1E7A4F7556}") = "LibraryApi", "LibraryApi\LibraryApi.csproj", "{CD4B3F58-73D0-4A2E-ABF4-DA33CBAF2654}"
EndProject
Project("{9A19103F-16F7-4668-BE54-9A1E7A4F7556}") = "LibraryApi.Data", "LibraryApi.Data\LibraryApi.Data.csproj", "{3931A0DB-7F6A-4D0E-9B49-5630F26EF8B0}"
EndProject
Project("{9A19103F-16F7-4668-BE54-9A1E7A4F7556}") = "LibraryApi.Models", "LibraryApi.Models\LibraryApi.Models.csproj", "{974388EC-8D16-4593-8ADC-84D73EC4F8DF}"
EndProject
Project("{9A19103F-16F7-4668-BE54-9A1E7A4F7556}") = "LibraryApi.Services", "LibraryApi.Services\LibraryApi.Services.csproj", "{E889EFAF-778C-4AFA-9EBA-0AAC3D5E7CE9}"
EndProject
Project("{FAE04EC0-301F-11D3-BF4B-00C04F79EFBC}") = "LibraryApi.Test", "LibraryApi.Test\LibraryApi.Test.csproj", "{1EFAEFF7-1BC8-41D2-9242-88B88A295C4E}"
EndProject
Global
	GlobalSection(SolutionConfigurationPlatforms) = preSolution
		Debug|Any CPU = Debug|Any CPU
		Release|Any CPU = Release|Any CPU
	EndGlobalSection
	GlobalSection(ProjectConfigurationPlatforms) = postSolution
		{CD4B3F58-73D0-4A2E-ABF4-DA33CBAF2654}.Debug|Any CPU.ActiveCfg = Debug|Any CPU
		{CD4B3F58-73D0-4A2E-ABF4-DA33CBAF2654}.Debug|Any CPU.Build.0 = Debug|Any CPU
		{CD4B3F58-73D0-4A2E-ABF4-DA33CBAF2654}.Release|Any CPU.ActiveCfg = Release|Any CPU
		{CD4B3F58-73D0-4A2E-ABF4-DA33CBAF2654}.Release|Any CPU.Build.0 = Release|Any CPU
		{3931A0DB-7F6A-4D0E-9B49-5630F26EF8B0}.Debug|Any CPU.ActiveCfg = Debug|Any CPU
		{3931A0DB-7F6A-4D0E-9B49-5630F26EF8B0}.Debug|Any CPU.Build.0 = Debug|Any CPU
		{3931A0DB-7F6A-4D0E-9B49-5630F26EF8B0}.Release|Any CPU.ActiveCfg = Release|Any CPU
		{3931A0DB-7F6A-4D0E-9B49-5630F26EF8B0}.Release|Any CPU.Build.0 = Release|Any CPU
		{974388EC-8D16-4593-8ADC-84D73EC4F8DF}.Debug|Any CPU.ActiveCfg = Debug|Any CPU
		{974388EC-8D16-4593-8ADC-84D73EC4F8DF}.Debug|Any CPU.Build.0 = Debug|Any CPU
		{974388EC-8D16-4593-8ADC-84D73EC4F8DF}.Release|Any CPU.ActiveCfg = Release|Any CPU
		{974388EC-8D16-4593-8ADC-84D73EC4F8DF}.Release|Any CPU.Build.0 = Release|Any CPU
		{E889EFAF-778C-4AFA-9EBA-0AAC3D5E7CE9}.Debug|Any CPU.ActiveCfg = Debug|Any CPU
		{E889EFAF-778C-4AFA-9EBA-0AAC3D5E7CE9}.Debug|Any CPU.Build.0 = Debug|Any CPU
		{E889EFAF-778C-4AFA-9EBA-0AAC3D5E7CE9}.Release|Any CPU.ActiveCfg = Release|Any CPU
		{E889EFAF-778C-4AFA-9EBA-0AAC3D5E7CE9}.Release|Any CPU.Build.0 = Release|Any CPU
		{1EFAEFF7-1BC8-41D2-9242-88B88A295C4E}.Debug|Any CPU.ActiveCfg = Debug|Any CPU
		{1EFAEFF7-1BC8-41D2-9242-88B88A295C4E}.Debug|Any CPU.Build.0 = Debug|Any CPU
		{1EFAEFF7-1BC8-41D2-9242-88B88A295C4E}.Release|Any CPU.ActiveCfg = Release|Any CPU
		{1EFAEFF7-1BC8-41D2-9242-88B88A295C4E}.Release|Any CPU.Build.0 = Release|Any CPU
	EndGlobalSection
	GlobalSection(SolutionProperties) = preSolution
		HideSolutionNode = FALSE
	EndGlobalSection
	GlobalSection(ExtensibilityGlobals) = postSolution
		SolutionGuid = {F3D76890-C684-4FF7-B879-37DFD97F446D}
	EndGlobalSection
EndGlobal
